
Microsoft Visual Studio Solution File, Format Version 12.00
# Visual Studio Version 17
VisualStudioVersion = 17.14.36518.9
MinimumVisualStudioVersion = 10.0.40219.1
Project("{2150E333-8FDC-42A3-9474-1A3956D46DE8}") = "Task0", "Task0", "{02EA681E-C7D8-13C7-8484-4AC65E1B71E8}"
EndProject
Project("{FAE04EC0-301F-11D3-BF4B-00C04F79EFBC}") = "Tuiu.ZvyaginaNY.Sprint3.Task0.V16", "Tuiu.ZvyaginaNY.Sprint3.Task0.V16\Tuiu.ZvyaginaNY.Sprint3.Task0.V16.csproj", "{E6A83D80-CAC3-4564-AABA-B038A2617290}"
EndProject
Project("{FAE04EC0-301F-11D3-BF4B-00C04F79EFBC}") = "Tuiu.ZvyaginaNY.Sprint3.Task0.V16.Lib", "Tuiu.ZvyaginaNY.Sprint3.Task0.V16.Lib\Tuiu.ZvyaginaNY.Sprint3.Task0.V16.Lib.csproj", "{8AA860CA-95C7-4E40-894F-0943A4C29F78}"
EndProject
Project("{FAE04EC0-301F-11D3-BF4B-00C04F79EFBC}") = "Tuiu.ZvyaginaNY.Sprint3.Task0.V16.Test", "Tuiu.ZvyaginaNY.Sprint3.Task0.V16.Test\Tuiu.ZvyaginaNY.Sprint3.Task0.V16.Test.csproj", "{21EDC736-50DF-488D-8D29-DC9C07E7BBEC}"
EndProject
Project("{2150E333-8FDC-42A3-9474-1A3956D46DE8}") = "Task1", "Task1", "{E6E099B6-B2FA-4503-912B-215936C1EF11}"
EndProject
Project("{FAE04EC0-301F-11D3-BF4B-00C04F79EFBC}") = "Tuiu.ZvyaginaNY.Sprint3.Task1.V12", "Tuiu.ZvyaginaNY.Sprint3.Task1.V12\Tuiu.ZvyaginaNY.Sprint3.Task1.V12.csproj", "{67C95366-3190-413E-B3F4-51BF9C50CEF2}"
EndProject
Project("{FAE04EC0-301F-11D3-BF4B-00C04F79EFBC}") = "Tuiu.ZvyaginaNY.Sprint3.Task1.V12.Lib", "Tuiu.ZvyaginaNY.Sprint3.Task1.V12.Lib\Tuiu.ZvyaginaNY.Sprint3.Task1.V12.Lib.csproj", "{59CE9A84-923A-4E96-93E9-1D30ECAAAB87}"
EndProject
Project("{FAE04EC0-301F-11D3-BF4B-00C04F79EFBC}") = "Tuiu.ZvyaginaNY.Sprint3.Task1.V12.Test", "Tuiu.ZvyaginaNY.Sprint3.Task1.V12.Test\Tuiu.ZvyaginaNY.Sprint3.Task1.V12.Test.csproj", "{99DE13E5-8512-48AE-9547-2F6B9045C621}"
EndProject
Project("{2150E333-8FDC-42A3-9474-1A3956D46DE8}") = "Task2", "Task2", "{D3D7C670-9C76-43B3-9E8B-FB78E8824AB7}"
EndProject
Project("{FAE04EC0-301F-11D3-BF4B-00C04F79EFBC}") = "Tuiu.ZvyaginaNY.Sprint3.Task2.V10", "Tuiu.ZvyaginaNy.Sprint3.Task2.V10\Tuiu.ZvyaginaNY.Sprint3.Task2.V10.csproj", "{938090FC-B57C-49ED-8C7A-FC7B22C6DC01}"
EndProject
Project("{FAE04EC0-301F-11D3-BF4B-00C04F79EFBC}") = "Tuiu.ZvyaginaNY.Sprint3.Task2.V10.Lib", "Tuiu.ZvyaginaNy.Sprint3.Task2.V10.Lib\Tuiu.ZvyaginaNY.Sprint3.Task2.V10.Lib.csproj", "{467F254B-B911-483C-A07C-BD541C610C63}"
EndProject
Project("{FAE04EC0-301F-11D3-BF4B-00C04F79EFBC}") = "Tuiu.ZvyaginaNY.Sprint3.Task2.V10.Test", "Tuiu.ZvyaginaNy.Sprint3.Task2.V10.Test\Tuiu.ZvyaginaNY.Sprint3.Task2.V10.Test.csproj", "{B462DAF7-0948-4C45-A74C-C67CFAA453D5}"
EndProject
Project("{2150E333-8FDC-42A3-9474-1A3956D46DE8}") = "Task3", "Task3", "{C4563CA0-926E-4EB3-A6B6-53F263BB5570}"
EndProject
Project("{FAE04EC0-301F-11D3-BF4B-00C04F79EFBC}") = "Tuiu.ZvyaginaNY.Sprint3.Task3.V26", "Tuiu.ZvyaginaNY.Sprint3.Task3.V26\Tuiu.ZvyaginaNY.Sprint3.Task3.V26.csproj", "{E487F08B-E4FE-4DE7-8710-1C87AB4BC4E4}"
EndProject
Project("{FAE04EC0-301F-11D3-BF4B-00C04F79EFBC}") = "Tuiu.ZvyaginaNY.Sprint3.Task3.V26.Lib", "Tuiu.ZvyaginaNY.Sprint3.Task3.V26.Lib\Tuiu.ZvyaginaNY.Sprint3.Task3.V26.Lib.csproj", "{6C51882B-BF63-45B3-886A-693F02CCB391}"
EndProject
Project("{FAE04EC0-301F-11D3-BF4B-00C04F79EFBC}") = "Tuiu.ZvyaginaNY.Sprint3.Task3.V26.Test", "Tuiu.ZvyaginaNY.Sprint3.Task3.V26.Test\Tuiu.ZvyaginaNY.Sprint3.Task3.V26.Test.csproj", "{E84ADB1D-15AC-4C52-BD1C-063EC1A06405}"
EndProject
Project("{2150E333-8FDC-42A3-9474-1A3956D46DE8}") = "Task4", "Task4", "{B59E4F09-0E7E-4F21-B447-8CD53735781B}"
EndProject
Project("{FAE04EC0-301F-11D3-BF4B-00C04F79EFBC}") = "Tuiu.ZvyaginaNY.Sprint3.Task4.V27", "Tuiu.ZvyaginaNY.Sprint3.Task4.V27\Tuiu.ZvyaginaNY.Sprint3.Task4.V27.csproj", "{14B66EE8-C9B1-4FEB-8BD9-27302009E5AF}"
EndProject
Project("{FAE04EC0-301F-11D3-BF4B-00C04F79EFBC}") = "Tuiu.ZvyaginaNY.Sprint3.Task4.V27.Lib", "Tuiu.ZvyaginaNY.Sprint3.Task4.V27.Lib\Tuiu.ZvyaginaNY.Sprint3.Task4.V27.Lib.csproj", "{26E33659-1D4F-4395-AFB0-3D104C9B85E2}"
EndProject
Project("{FAE04EC0-301F-11D3-BF4B-00C04F79EFBC}") = "Tuiu.ZvyaginaNY.Sprint3.Task4.V27.Test", "Tuiu.ZvyaginaNY.Sprint3.Task4.V27.Test\Tuiu.ZvyaginaNY.Sprint3.Task4.V27.Test.csproj", "{2B2F23DE-3923-41F2-9304-069B34CCE156}"
EndProject
Project("{2150E333-8FDC-42A3-9474-1A3956D46DE8}") = "Task5", "Task5", "{406766FD-25DF-4E4D-B04C-BACA7CD4008A}"
EndProject
Project("{FAE04EC0-301F-11D3-BF4B-00C04F79EFBC}") = "Tuiu.ZvyaginaNY.Sprint3.Task5.V26", "Tuiu.ZvyaginaNY.Sprint3.Task5.V26\Tuiu.ZvyaginaNY.Sprint3.Task5.V26.csproj", "{745C4149-CAC8-4BDA-9BD4-89DCC2033939}"
EndProject
Project("{FAE04EC0-301F-11D3-BF4B-00C04F79EFBC}") = "Tuiu.ZvyaginaNY.Sprint3.Task5.V26.Lib", "Tuiu.ZvyaginaNY.Sprint3.Task5.V26.Lib\Tuiu.ZvyaginaNY.Sprint3.Task5.V26.Lib.csproj", "{099B9996-9771-4715-8C74-2BDC5941F85A}"
EndProject
Project("{FAE04EC0-301F-11D3-BF4B-00C04F79EFBC}") = "Tuiu.ZvyaginaNY.Sprint3.Task5.V26.Test", "Tuiu.ZvyaginaNY.Sprint3.Task5.V26.Test\Tuiu.ZvyaginaNY.Sprint3.Task5.V26.Test.csproj", "{342E8069-0F21-4CBA-A7B4-570DAD838D79}"
EndProject
Project("{2150E333-8FDC-42A3-9474-1A3956D46DE8}") = "Task6", "Task6", "{4CAA751D-F217-4CEE-B17C-15D1E3F32F63}"
EndProject
Project("{FAE04EC0-301F-11D3-BF4B-00C04F79EFBC}") = "Tuiu.ZvyaginaNY.Sprint3.Task6.V20", "Tuiu.ZvyaginaNY.Sprint3.Task6.V20\Tuiu.ZvyaginaNY.Sprint3.Task6.V20.csproj", "{D3C174D7-DF26-49BD-9716-B97DA6109E97}"
EndProject
Project("{FAE04EC0-301F-11D3-BF4B-00C04F79EFBC}") = "Tuiu.ZvyaginaNY.Sprint3.Task6.V20.Lib", "Tuiu.ZvyaginaNY.Sprint3.Task6.V20.Lib\Tuiu.ZvyaginaNY.Sprint3.Task6.V20.Lib.csproj", "{23E8E620-411B-4213-95AA-CE3FA708AD41}"
EndProject
Project("{FAE04EC0-301F-11D3-BF4B-00C04F79EFBC}") = "Tuiu.ZvyaginaNY.Sprint3.Task6.V20.Test", "Tuiu.ZvyaginaNY.Sprint3.Task6.V20.Test\Tuiu.ZvyaginaNY.Sprint3.Task6.V20.Test.csproj", "{3F6FC343-8F53-458D-A4EF-2F4D7BDAFD06}"
EndProject
Project("{2150E333-8FDC-42A3-9474-1A3956D46DE8}") = "Task7", "Task7", "{3E1EAC11-C505-48AF-ADF5-025C6A676334}"
EndProject
Project("{FAE04EC0-301F-11D3-BF4B-00C04F79EFBC}") = "Tuiu.ZvyaginaNY.Sprint3.Task7.V30", "Tuiu.ZvyaginaNY.Sprint3.Task7.V30\Tuiu.ZvyaginaNY.Sprint3.Task7.V30.csproj", "{89E5075E-F8FF-4BE2-BA33-DF3CDA96CD54}"
EndProject
Project("{FAE04EC0-301F-11D3-BF4B-00C04F79EFBC}") = "Tuiu.ZvyaginaNY.Sprint3.Task7.V30.Lib", "Tuiu.ZvyaginaNY.Sprint3.Task7.V30.Lib\Tuiu.ZvyaginaNY.Sprint3.Task7.V30.Lib.csproj", "{9A8B819B-5F86-42E2-8669-100CFBF2F666}"
EndProject
Project("{FAE04EC0-301F-11D3-BF4B-00C04F79EFBC}") = "Tuiu.ZvyaginaNY.Sprint3.Task7.V30.Test", "Tuiu.ZvyaginaNY.Sprint3.Task7.V30.Test\Tuiu.ZvyaginaNY.Sprint3.Task7.V30.Test.csproj", "{DFFA5F26-344E-4906-A79C-3D74F1C83B99}"
EndProject
Global
	GlobalSection(SolutionConfigurationPlatforms) = preSolution
		Debug|Any CPU = Debug|Any CPU
		Release|Any CPU = Release|Any CPU
	EndGlobalSection
	GlobalSection(ProjectConfigurationPlatforms) = postSolution
		{E6A83D80-CAC3-4564-AABA-B038A2617290}.Debug|Any CPU.ActiveCfg = Debug|Any CPU
		{E6A83D80-CAC3-4564-AABA-B038A2617290}.Debug|Any CPU.Build.0 = Debug|Any CPU
		{E6A83D80-CAC3-4564-AABA-B038A2617290}.Release|Any CPU.ActiveCfg = Release|Any CPU
		{E6A83D80-CAC3-4564-AABA-B038A2617290}.Release|Any CPU.Build.0 = Release|Any CPU
		{8AA860CA-95C7-4E40-894F-0943A4C29F78}.Debug|Any CPU.ActiveCfg = Debug|Any CPU
		{8AA860CA-95C7-4E40-894F-0943A4C29F78}.Debug|Any CPU.Build.0 = Debug|Any CPU
		{8AA860CA-95C7-4E40-894F-0943A4C29F78}.Release|Any CPU.ActiveCfg = Release|Any CPU
		{8AA860CA-95C7-4E40-894F-0943A4C29F78}.Release|Any CPU.Build.0 = Release|Any CPU
		{21EDC736-50DF-488D-8D29-DC9C07E7BBEC}.Debug|Any CPU.ActiveCfg = Debug|Any CPU
		{21EDC736-50DF-488D-8D29-DC9C07E7BBEC}.Debug|Any CPU.Build.0 = Debug|Any CPU
		{21EDC736-50DF-488D-8D29-DC9C07E7BBEC}.Release|Any CPU.ActiveCfg = Release|Any CPU
		{21EDC736-50DF-488D-8D29-DC9C07E7BBEC}.Release|Any CPU.Build.0 = Release|Any CPU
		{67C95366-3190-413E-B3F4-51BF9C50CEF2}.Debug|Any CPU.ActiveCfg = Debug|Any CPU
		{67C95366-3190-413E-B3F4-51BF9C50CEF2}.Debug|Any CPU.Build.0 = Debug|Any CPU
		{67C95366-3190-413E-B3F4-51BF9C50CEF2}.Release|Any CPU.ActiveCfg = Release|Any CPU
		{67C95366-3190-413E-B3F4-51BF9C50CEF2}.Release|Any CPU.Build.0 = Release|Any CPU
		{59CE9A84-923A-4E96-93E9-1D30ECAAAB87}.Debug|Any CPU.ActiveCfg = Debug|Any CPU
		{59CE9A84-923A-4E96-93E9-1D30ECAAAB87}.Debug|Any CPU.Build.0 = Debug|Any CPU
		{59CE9A84-923A-4E96-93E9-1D30ECAAAB87}.Release|Any CPU.ActiveCfg = Release|Any CPU
		{59CE9A84-923A-4E96-93E9-1D30ECAAAB87}.Release|Any CPU.Build.0 = Release|Any CPU
		{99DE13E5-8512-48AE-9547-2F6B9045C621}.Debug|Any CPU.ActiveCfg = Debug|Any CPU
		{99DE13E5-8512-48AE-9547-2F6B9045C621}.Debug|Any CPU.Build.0 = Debug|Any CPU
		{99DE13E5-8512-48AE-9547-2F6B9045C621}.Release|Any CPU.ActiveCfg = Release|Any CPU
		{99DE13E5-8512-48AE-9547-2F6B9045C621}.Release|Any CPU.Build.0 = Release|Any CPU
		{938090FC-B57C-49ED-8C7A-FC7B22C6DC01}.Debug|Any CPU.ActiveCfg = Debug|Any CPU
		{938090FC-B57C-49ED-8C7A-FC7B22C6DC01}.Debug|Any CPU.Build.0 = Debug|Any CPU
		{938090FC-B57C-49ED-8C7A-FC7B22C6DC01}.Release|Any CPU.ActiveCfg = Release|Any CPU
		{938090FC-B57C-49ED-8C7A-FC7B22C6DC01}.Release|Any CPU.Build.0 = Release|Any CPU
		{467F254B-B911-483C-A07C-BD541C610C63}.Debug|Any CPU.ActiveCfg = Debug|Any CPU
		{467F254B-B911-483C-A07C-BD541C610C63}.Debug|Any CPU.Build.0 = Debug|Any CPU
		{467F254B-B911-483C-A07C-BD541C610C63}.Release|Any CPU.ActiveCfg = Release|Any CPU
		{467F254B-B911-483C-A07C-BD541C610C63}.Release|Any CPU.Build.0 = Release|Any CPU
		{B462DAF7-0948-4C45-A74C-C67CFAA453D5}.Debug|Any CPU.ActiveCfg = Debug|Any CPU
		{B462DAF7-0948-4C45-A74C-C67CFAA453D5}.Debug|Any CPU.Build.0 = Debug|Any CPU
		{B462DAF7-0948-4C45-A74C-C67CFAA453D5}.Release|Any CPU.ActiveCfg = Release|Any CPU
		{B462DAF7-0948-4C45-A74C-C67CFAA453D5}.Release|Any CPU.Build.0 = Release|Any CPU
		{E487F08B-E4FE-4DE7-8710-1C87AB4BC4E4}.Debug|Any CPU.ActiveCfg = Debug|Any CPU
		{E487F08B-E4FE-4DE7-8710-1C87AB4BC4E4}.Debug|Any CPU.Build.0 = Debug|Any CPU
		{E487F08B-E4FE-4DE7-8710-1C87AB4BC4E4}.Release|Any CPU.ActiveCfg = Release|Any CPU
		{E487F08B-E4FE-4DE7-8710-1C87AB4BC4E4}.Release|Any CPU.Build.0 = Release|Any CPU
		{6C51882B-BF63-45B3-886A-693F02CCB391}.Debug|Any CPU.ActiveCfg = Debug|Any CPU
		{6C51882B-BF63-45B3-886A-693F02CCB391}.Debug|Any CPU.Build.0 = Debug|Any CPU
		{6C51882B-BF63-45B3-886A-693F02CCB391}.Release|Any CPU.ActiveCfg = Release|Any CPU
		{6C51882B-BF63-45B3-886A-693F02CCB391}.Release|Any CPU.Build.0 = Release|Any CPU
		{E84ADB1D-15AC-4C52-BD1C-063EC1A06405}.Debug|Any CPU.ActiveCfg = Debug|Any CPU
		{E84ADB1D-15AC-4C52-BD1C-063EC1A06405}.Debug|Any CPU.Build.0 = Debug|Any CPU
		{E84ADB1D-15AC-4C52-BD1C-063EC1A06405}.Release|Any CPU.ActiveCfg = Release|Any CPU
		{E84ADB1D-15AC-4C52-BD1C-063EC1A06405}.Release|Any CPU.Build.0 = Release|Any CPU
		{14B66EE8-C9B1-4FEB-8BD9-27302009E5AF}.Debug|Any CPU.ActiveCfg = Debug|Any CPU
		{14B66EE8-C9B1-4FEB-8BD9-27302009E5AF}.Debug|Any CPU.Build.0 = Debug|Any CPU
		{14B66EE8-C9B1-4FEB-8BD9-27302009E5AF}.Release|Any CPU.ActiveCfg = Release|Any CPU
		{14B66EE8-C9B1-4FEB-8BD9-27302009E5AF}.Release|Any CPU.Build.0 = Release|Any CPU
		{26E33659-1D4F-4395-AFB0-3D104C9B85E2}.Debug|Any CPU.ActiveCfg = Debug|Any CPU
		{26E33659-1D4F-4395-AFB0-3D104C9B85E2}.Debug|Any CPU.Build.0 = Debug|Any CPU
		{26E33659-1D4F-4395-AFB0-3D104C9B85E2}.Release|Any CPU.ActiveCfg = Release|Any CPU
		{26E33659-1D4F-4395-AFB0-3D104C9B85E2}.Release|Any CPU.Build.0 = Release|Any CPU
		{2B2F23DE-3923-41F2-9304-069B34CCE156}.Debug|Any CPU.ActiveCfg = Debug|Any CPU
		{2B2F23DE-3923-41F2-9304-069B34CCE156}.Debug|Any CPU.Build.0 = Debug|Any CPU
		{2B2F23DE-3923-41F2-9304-069B34CCE156}.Release|Any CPU.ActiveCfg = Release|Any CPU
		{2B2F23DE-3923-41F2-9304-069B34CCE156}.Release|Any CPU.Build.0 = Release|Any CPU
		{745C4149-CAC8-4BDA-9BD4-89DCC2033939}.Debug|Any CPU.ActiveCfg = Debug|Any CPU
		{745C4149-CAC8-4BDA-9BD4-89DCC2033939}.Debug|Any CPU.Build.0 = Debug|Any CPU
		{745C4149-CAC8-4BDA-9BD4-89DCC2033939}.Release|Any CPU.ActiveCfg = Release|Any CPU
		{745C4149-CAC8-4BDA-9BD4-89DCC2033939}.Release|Any CPU.Build.0 = Release|Any CPU
		{099B9996-9771-4715-8C74-2BDC5941F85A}.Debug|Any CPU.ActiveCfg = Debug|Any CPU
		{099B9996-9771-4715-8C74-2BDC5941F85A}.Debug|Any CPU.Build.0 = Debug|Any CPU
		{099B9996-9771-4715-8C74-2BDC5941F85A}.Release|Any CPU.ActiveCfg = Release|Any CPU
		{099B9996-9771-4715-8C74-2BDC5941F85A}.Release|Any CPU.Build.0 = Release|Any CPU
		{342E8069-0F21-4CBA-A7B4-570DAD838D79}.Debug|Any CPU.ActiveCfg = Debug|Any CPU
		{342E8069-0F21-4CBA-A7B4-570DAD838D79}.Debug|Any CPU.Build.0 = Debug|Any CPU
		{342E8069-0F21-4CBA-A7B4-570DAD838D79}.Release|Any CPU.ActiveCfg = Release|Any CPU
		{342E8069-0F21-4CBA-A7B4-570DAD838D79}.Release|Any CPU.Build.0 = Release|Any CPU
		{D3C174D7-DF26-49BD-9716-B97DA6109E97}.Debug|Any CPU.ActiveCfg = Debug|Any CPU
		{D3C174D7-DF26-49BD-9716-B97DA6109E97}.Debug|Any CPU.Build.0 = Debug|Any CPU
		{D3C174D7-DF26-49BD-9716-B97DA6109E97}.Release|Any CPU.ActiveCfg = Release|Any CPU
		{D3C174D7-DF26-49BD-9716-B97DA6109E97}.Release|Any CPU.Build.0 = Release|Any CPU
		{23E8E620-411B-4213-95AA-CE3FA708AD41}.Debug|Any CPU.ActiveCfg = Debug|Any CPU
		{23E8E620-411B-4213-95AA-CE3FA708AD41}.Debug|Any CPU.Build.0 = Debug|Any CPU
		{23E8E620-411B-4213-95AA-CE3FA708AD41}.Release|Any CPU.ActiveCfg = Release|Any CPU
		{23E8E620-411B-4213-95AA-CE3FA708AD41}.Release|Any CPU.Build.0 = Release|Any CPU
		{3F6FC343-8F53-458D-A4EF-2F4D7BDAFD06}.Debug|Any CPU.ActiveCfg = Debug|Any CPU
		{3F6FC343-8F53-458D-A4EF-2F4D7BDAFD06}.Debug|Any CPU.Build.0 = Debug|Any CPU
		{3F6FC343-8F53-458D-A4EF-2F4D7BDAFD06}.Release|Any CPU.ActiveCfg = Release|Any CPU
		{3F6FC343-8F53-458D-A4EF-2F4D7BDAFD06}.Release|Any CPU.Build.0 = Release|Any CPU
		{89E5075E-F8FF-4BE2-BA33-DF3CDA96CD54}.Debug|Any CPU.ActiveCfg = Debug|Any CPU
		{89E5075E-F8FF-4BE2-BA33-DF3CDA96CD54}.Debug|Any CPU.Build.0 = Debug|Any CPU
		{89E5075E-F8FF-4BE2-BA33-DF3CDA96CD54}.Release|Any CPU.ActiveCfg = Release|Any CPU
		{89E5075E-F8FF-4BE2-BA33-DF3CDA96CD54}.Release|Any CPU.Build.0 = Release|Any CPU
		{9A8B819B-5F86-42E2-8669-100CFBF2F666}.Debug|Any CPU.ActiveCfg = Debug|Any CPU
		{9A8B819B-5F86-42E2-8669-100CFBF2F666}.Debug|Any CPU.Build.0 = Debug|Any CPU
		{9A8B819B-5F86-42E2-8669-100CFBF2F666}.Release|Any CPU.ActiveCfg = Release|Any CPU
		{9A8B819B-5F86-42E2-8669-100CFBF2F666}.Release|Any CPU.Build.0 = Release|Any CPU
		{DFFA5F26-344E-4906-A79C-3D74F1C83B99}.Debug|Any CPU.ActiveCfg = Debug|Any CPU
		{DFFA5F26-344E-4906-A79C-3D74F1C83B99}.Debug|Any CPU.Build.0 = Debug|Any CPU
		{DFFA5F26-344E-4906-A79C-3D74F1C83B99}.Release|Any CPU.ActiveCfg = Release|Any CPU
		{DFFA5F26-344E-4906-A79C-3D74F1C83B99}.Release|Any CPU.Build.0 = Release|Any CPU
	EndGlobalSection
	GlobalSection(SolutionProperties) = preSolution
		HideSolutionNode = FALSE
	EndGlobalSection
	GlobalSection(NestedProjects) = preSolution
		{E6A83D80-CAC3-4564-AABA-B038A2617290} = {02EA681E-C7D8-13C7-8484-4AC65E1B71E8}
		{8AA860CA-95C7-4E40-894F-0943A4C29F78} = {02EA681E-C7D8-13C7-8484-4AC65E1B71E8}
		{21EDC736-50DF-488D-8D29-DC9C07E7BBEC} = {02EA681E-C7D8-13C7-8484-4AC65E1B71E8}
		{67C95366-3190-413E-B3F4-51BF9C50CEF2} = {E6E099B6-B2FA-4503-912B-215936C1EF11}
		{59CE9A84-923A-4E96-93E9-1D30ECAAAB87} = {E6E099B6-B2FA-4503-912B-215936C1EF11}
		{99DE13E5-8512-48AE-9547-2F6B9045C621} = {E6E099B6-B2FA-4503-912B-215936C1EF11}
		{938090FC-B57C-49ED-8C7A-FC7B22C6DC01} = {D3D7C670-9C76-43B3-9E8B-FB78E8824AB7}
		{467F254B-B911-483C-A07C-BD541C610C63} = {D3D7C670-9C76-43B3-9E8B-FB78E8824AB7}
		{B462DAF7-0948-4C45-A74C-C67CFAA453D5} = {D3D7C670-9C76-43B3-9E8B-FB78E8824AB7}
		{E487F08B-E4FE-4DE7-8710-1C87AB4BC4E4} = {C4563CA0-926E-4EB3-A6B6-53F263BB5570}
		{6C51882B-BF63-45B3-886A-693F02CCB391} = {C4563CA0-926E-4EB3-A6B6-53F263BB5570}
		{E84ADB1D-15AC-4C52-BD1C-063EC1A06405} = {C4563CA0-926E-4EB3-A6B6-53F263BB5570}
		{14B66EE8-C9B1-4FEB-8BD9-27302009E5AF} = {B59E4F09-0E7E-4F21-B447-8CD53735781B}
		{26E33659-1D4F-4395-AFB0-3D104C9B85E2} = {B59E4F09-0E7E-4F21-B447-8CD53735781B}
		{2B2F23DE-3923-41F2-9304-069B34CCE156} = {B59E4F09-0E7E-4F21-B447-8CD53735781B}
		{745C4149-CAC8-4BDA-9BD4-89DCC2033939} = {406766FD-25DF-4E4D-B04C-BACA7CD4008A}
		{099B9996-9771-4715-8C74-2BDC5941F85A} = {406766FD-25DF-4E4D-B04C-BACA7CD4008A}
		{342E8069-0F21-4CBA-A7B4-570DAD838D79} = {406766FD-25DF-4E4D-B04C-BACA7CD4008A}
		{D3C174D7-DF26-49BD-9716-B97DA6109E97} = {4CAA751D-F217-4CEE-B17C-15D1E3F32F63}
		{23E8E620-411B-4213-95AA-CE3FA708AD41} = {4CAA751D-F217-4CEE-B17C-15D1E3F32F63}
		{3F6FC343-8F53-458D-A4EF-2F4D7BDAFD06} = {4CAA751D-F217-4CEE-B17C-15D1E3F32F63}
		{89E5075E-F8FF-4BE2-BA33-DF3CDA96CD54} = {3E1EAC11-C505-48AF-ADF5-025C6A676334}
		{9A8B819B-5F86-42E2-8669-100CFBF2F666} = {3E1EAC11-C505-48AF-ADF5-025C6A676334}
		{DFFA5F26-344E-4906-A79C-3D74F1C83B99} = {3E1EAC11-C505-48AF-ADF5-025C6A676334}
	EndGlobalSection
	GlobalSection(ExtensibilityGlobals) = postSolution
		SolutionGuid = {B3A4639C-7717-4E3F-BD77-F7C6F1C1DDFE}
	EndGlobalSection
EndGlobal
